
Microsoft Visual Studio Solution File, Format Version 12.00
# Visual Studio Version 16
VisualStudioVersion = 16.0.30621.155
MinimumVisualStudioVersion = 10.0.40219.1
Project("{9A19103F-16F7-4668-BE54-9A1E7A4F7556}") = "HospitalReception", "HospitalReception\HospitalReception.csproj", "{B3F11553-2E50-48BC-81B6-E484C3054866}"
EndProject
Project("{FAE04EC0-301F-11D3-BF4B-00C04F79EFBC}") = "TestProject", "TestProject\TestProject.csproj", "{8D296C63-3A92-4899-BB4B-1280DAEB5FF5}"
EndProject
Global
	GlobalSection(SolutionConfigurationPlatforms) = preSolution
		Debug|Any CPU = Debug|Any CPU
		Release|Any CPU = Release|Any CPU
	EndGlobalSection
	GlobalSection(ProjectConfigurationPlatforms) = postSolution
		{B3F11553-2E50-48BC-81B6-E484C3054866}.Debug|Any CPU.ActiveCfg = Debug|Any CPU
		{B3F11553-2E50-48BC-81B6-E484C3054866}.Debug|Any CPU.Build.0 = Debug|Any CPU
		{B3F11553-2E50-48BC-81B6-E484C3054866}.Release|Any CPU.ActiveCfg = Release|Any CPU
		{B3F11553-2E50-48BC-81B6-E484C3054866}.Release|Any CPU.Build.0 = Release|Any CPU
		{8D296C63-3A92-4899-BB4B-1280DAEB5FF5}.Debug|Any CPU.ActiveCfg = Debug|Any CPU
		{8D296C63-3A92-4899-BB4B-1280DAEB5FF5}.Debug|Any CPU.Build.0 = Debug|Any CPU
		{8D296C63-3A92-4899-BB4B-1280DAEB5FF5}.Release|Any CPU.ActiveCfg = Release|Any CPU
		{8D296C63-3A92-4899-BB4B-1280DAEB5FF5}.Release|Any CPU.Build.0 = Release|Any CPU
	EndGlobalSection
	GlobalSection(SolutionProperties) = preSolution
		HideSolutionNode = FALSE
	EndGlobalSection
	GlobalSection(ExtensibilityGlobals) = postSolution
		SolutionGuid = {628C1100-0484-4C4B-88CD-38C11A5F5FE1}
	EndGlobalSection
EndGlobal
